
Microsoft Visual Studio Solution File, Format Version 12.00
# Visual Studio Version 17
VisualStudioVersion = 17.8.34525.116
MinimumVisualStudioVersion = 10.0.40219.1
Project("{8BC9CEB8-8B4A-11D0-8D11-00A0C91BC942}") = "최솟값과 최댓값", "최솟값과 최댓값\최솟값과 최댓값.vcxproj", "{BBFBD0C8-655F-4274-9F2D-3163715AFE2D}"
EndProject
Global
	GlobalSection(SolutionConfigurationPlatforms) = preSolution
		Debug|x64 = Debug|x64
		Debug|x86 = Debug|x86
		Release|x64 = Release|x64
		Release|x86 = Release|x86
	EndGlobalSection
	GlobalSection(ProjectConfigurationPlatforms) = postSolution
		{BBFBD0C8-655F-4274-9F2D-3163715AFE2D}.Debug|x64.ActiveCfg = Debug|x64
		{BBFBD0C8-655F-4274-9F2D-3163715AFE2D}.Debug|x64.Build.0 = Debug|x64
		{BBFBD0C8-655F-4274-9F2D-3163715AFE2D}.Debug|x86.ActiveCfg = Debug|Win32
		{BBFBD0C8-655F-4274-9F2D-3163715AFE2D}.Debug|x86.Build.0 = Debug|Win32
		{BBFBD0C8-655F-4274-9F2D-3163715AFE2D}.Release|x64.ActiveCfg = Release|x64
		{BBFBD0C8-655F-4274-9F2D-3163715AFE2D}.Release|x64.Build.0 = Release|x64
		{BBFBD0C8-655F-4274-9F2D-3163715AFE2D}.Release|x86.ActiveCfg = Release|Win32
		{BBFBD0C8-655F-4274-9F2D-3163715AFE2D}.Release|x86.Build.0 = Release|Win32
	EndGlobalSection
	GlobalSection(SolutionProperties) = preSolution
		HideSolutionNode = FALSE
	EndGlobalSection
	GlobalSection(ExtensibilityGlobals) = postSolution
		SolutionGuid = {147D2E2E-3966-4492-91AA-591A9F07A650}
	EndGlobalSection
EndGlobal
