
Microsoft Visual Studio Solution File, Format Version 12.00
# Visual Studio 15
VisualStudioVersion = 15.0.34526.175
MinimumVisualStudioVersion = 10.0.40219.1
Project("{8BC9CEB8-8B4A-11D0-8D11-00A0C91BC942}") = "토끼와 경주", "토끼와 경주\토끼와 경주.vcxproj", "{8FE528F0-3B90-4837-9D94-F8182A7CF793}"
EndProject
Global
	GlobalSection(SolutionConfigurationPlatforms) = preSolution
		Debug|x64 = Debug|x64
		Debug|x86 = Debug|x86
		Release|x64 = Release|x64
		Release|x86 = Release|x86
	EndGlobalSection
	GlobalSection(ProjectConfigurationPlatforms) = postSolution
		{8FE528F0-3B90-4837-9D94-F8182A7CF793}.Debug|x64.ActiveCfg = Debug|x64
		{8FE528F0-3B90-4837-9D94-F8182A7CF793}.Debug|x64.Build.0 = Debug|x64
		{8FE528F0-3B90-4837-9D94-F8182A7CF793}.Debug|x86.ActiveCfg = Debug|Win32
		{8FE528F0-3B90-4837-9D94-F8182A7CF793}.Debug|x86.Build.0 = Debug|Win32
		{8FE528F0-3B90-4837-9D94-F8182A7CF793}.Release|x64.ActiveCfg = Release|x64
		{8FE528F0-3B90-4837-9D94-F8182A7CF793}.Release|x64.Build.0 = Release|x64
		{8FE528F0-3B90-4837-9D94-F8182A7CF793}.Release|x86.ActiveCfg = Release|Win32
		{8FE528F0-3B90-4837-9D94-F8182A7CF793}.Release|x86.Build.0 = Release|Win32
	EndGlobalSection
	GlobalSection(SolutionProperties) = preSolution
		HideSolutionNode = FALSE
	EndGlobalSection
	GlobalSection(ExtensibilityGlobals) = postSolution
		SolutionGuid = {BBF858C8-2846-4AA0-834B-1FCB8D263E56}
	EndGlobalSection
EndGlobal
