
Microsoft Visual Studio Solution File, Format Version 12.00
# Visual Studio Version 17
VisualStudioVersion = 17.8.34525.116
MinimumVisualStudioVersion = 10.0.40219.1
Project("{8BC9CEB8-8B4A-11D0-8D11-00A0C91BC942}") = "우수마을", "우수마을\우수마을.vcxproj", "{EE1C4493-72BC-4B06-A3E7-193E9863DC30}"
EndProject
Global
	GlobalSection(SolutionConfigurationPlatforms) = preSolution
		Debug|x64 = Debug|x64
		Debug|x86 = Debug|x86
		Release|x64 = Release|x64
		Release|x86 = Release|x86
	EndGlobalSection
	GlobalSection(ProjectConfigurationPlatforms) = postSolution
		{EE1C4493-72BC-4B06-A3E7-193E9863DC30}.Debug|x64.ActiveCfg = Debug|x64
		{EE1C4493-72BC-4B06-A3E7-193E9863DC30}.Debug|x64.Build.0 = Debug|x64
		{EE1C4493-72BC-4B06-A3E7-193E9863DC30}.Debug|x86.ActiveCfg = Debug|Win32
		{EE1C4493-72BC-4B06-A3E7-193E9863DC30}.Debug|x86.Build.0 = Debug|Win32
		{EE1C4493-72BC-4B06-A3E7-193E9863DC30}.Release|x64.ActiveCfg = Release|x64
		{EE1C4493-72BC-4B06-A3E7-193E9863DC30}.Release|x64.Build.0 = Release|x64
		{EE1C4493-72BC-4B06-A3E7-193E9863DC30}.Release|x86.ActiveCfg = Release|Win32
		{EE1C4493-72BC-4B06-A3E7-193E9863DC30}.Release|x86.Build.0 = Release|Win32
	EndGlobalSection
	GlobalSection(SolutionProperties) = preSolution
		HideSolutionNode = FALSE
	EndGlobalSection
	GlobalSection(ExtensibilityGlobals) = postSolution
		SolutionGuid = {8C3CDC68-3C1D-4882-AE68-CC4779E40351}
	EndGlobalSection
EndGlobal
